
Microsoft Visual Studio Solution File, Format Version 12.00
# Visual Studio 15
VisualStudioVersion = 15.0.28307.572
MinimumVisualStudioVersion = 10.0.40219.1
Project("{FAE04EC0-301F-11D3-BF4B-00C04F79EFBC}") = "modbusRTU", "modbusRTU.csproj", "{C7954632-5995-4EE4-B399-67A0B08FC661}"
EndProject
Global
	GlobalSection(SolutionConfigurationPlatforms) = preSolution
		Debug|Any CPU = Debug|Any CPU
		Release|Any CPU = Release|Any CPU
	EndGlobalSection
	GlobalSection(ProjectConfigurationPlatforms) = postSolution
		{C7954632-5995-4EE4-B399-67A0B08FC661}.Debug|Any CPU.ActiveCfg = Debug|Any CPU
		{C7954632-5995-4EE4-B399-67A0B08FC661}.Debug|Any CPU.Build.0 = Debug|Any CPU
		{C7954632-5995-4EE4-B399-67A0B08FC661}.Release|Any CPU.ActiveCfg = Release|Any CPU
		{C7954632-5995-4EE4-B399-67A0B08FC661}.Release|Any CPU.Build.0 = Release|Any CPU
	EndGlobalSection
	GlobalSection(SolutionProperties) = preSolution
		HideSolutionNode = FALSE
	EndGlobalSection
	GlobalSection(ExtensibilityGlobals) = postSolution
		SolutionGuid = {0862F240-621D-4ED1-859B-35B7EFF2A566}
	EndGlobalSection
EndGlobal
